
Microsoft Visual Studio Solution File, Format Version 12.00
# Visual Studio Version 16
VisualStudioVersion = 16.0.31205.134
MinimumVisualStudioVersion = 10.0.40219.1
Project("{FAE04EC0-301F-11D3-BF4B-00C04F79EFBC}") = "Dating.Presentation.WindowsForm", "Dating.Presentation.WindowsForm\Dating.Presentation.WindowsForm.csproj", "{F8D09A66-BF8F-46B8-8705-BB5A6AEEE29D}"
EndProject
Project("{FAE04EC0-301F-11D3-BF4B-00C04F79EFBC}") = "Dating.BusinesLogicLayer", "Dating.BusinesLogicLayer\Dating.BusinesLogicLayer.csproj", "{E753036B-ABC6-4C45-A7FF-4A1014F887FA}"
EndProject
Project("{FAE04EC0-301F-11D3-BF4B-00C04F79EFBC}") = "Dating.DataAccessLayer", "Dating.DataAccessLayer\Dating.DataAccessLayer.csproj", "{1BEF28D2-8E80-44EB-B941-CE126F90CC15}"
EndProject
Global
	GlobalSection(SolutionConfigurationPlatforms) = preSolution
		Debug|Any CPU = Debug|Any CPU
		Release|Any CPU = Release|Any CPU
	EndGlobalSection
	GlobalSection(ProjectConfigurationPlatforms) = postSolution
		{F8D09A66-BF8F-46B8-8705-BB5A6AEEE29D}.Debug|Any CPU.ActiveCfg = Debug|Any CPU
		{F8D09A66-BF8F-46B8-8705-BB5A6AEEE29D}.Debug|Any CPU.Build.0 = Debug|Any CPU
		{F8D09A66-BF8F-46B8-8705-BB5A6AEEE29D}.Release|Any CPU.ActiveCfg = Release|Any CPU
		{F8D09A66-BF8F-46B8-8705-BB5A6AEEE29D}.Release|Any CPU.Build.0 = Release|Any CPU
		{E753036B-ABC6-4C45-A7FF-4A1014F887FA}.Debug|Any CPU.ActiveCfg = Debug|Any CPU
		{E753036B-ABC6-4C45-A7FF-4A1014F887FA}.Debug|Any CPU.Build.0 = Debug|Any CPU
		{E753036B-ABC6-4C45-A7FF-4A1014F887FA}.Release|Any CPU.ActiveCfg = Release|Any CPU
		{E753036B-ABC6-4C45-A7FF-4A1014F887FA}.Release|Any CPU.Build.0 = Release|Any CPU
		{1BEF28D2-8E80-44EB-B941-CE126F90CC15}.Debug|Any CPU.ActiveCfg = Debug|Any CPU
		{1BEF28D2-8E80-44EB-B941-CE126F90CC15}.Debug|Any CPU.Build.0 = Debug|Any CPU
		{1BEF28D2-8E80-44EB-B941-CE126F90CC15}.Release|Any CPU.ActiveCfg = Release|Any CPU
		{1BEF28D2-8E80-44EB-B941-CE126F90CC15}.Release|Any CPU.Build.0 = Release|Any CPU
	EndGlobalSection
	GlobalSection(SolutionProperties) = preSolution
		HideSolutionNode = FALSE
	EndGlobalSection
	GlobalSection(ExtensibilityGlobals) = postSolution
		SolutionGuid = {CBC57995-7114-48DB-B7DE-C4C6FD6A82B0}
	EndGlobalSection
EndGlobal
